// !$*UTF8*$!
{
	archiveVersion = 1;
	classes = {
	};
	objectVersion = 51;
	objects = {

/* Begin PBXBuildFile section */
		8F601E2726EFE0F100EDB98A /* HomeViewController.swift in Sources */ = {isa = PBXBuildFile; fileRef = 8F601E2626EFE0F100EDB98A /* HomeViewController.swift */; };
		8F601E2926EFE0FD00EDB98A /* Home.storyboard in Resources */ = {isa = PBXBuildFile; fileRef = 8F601E2826EFE0FD00EDB98A /* Home.storyboard */; };
		8F601E2B26EFE2D500EDB98A /* Router.swift in Sources */ = {isa = PBXBuildFile; fileRef = 8F601E2A26EFE2D500EDB98A /* Router.swift */; };
		8F601E2D26EFE90300EDB98A /* FirstSampleViewController.swift in Sources */ = {isa = PBXBuildFile; fileRef = 8F601E2C26EFE90300EDB98A /* FirstSampleViewController.swift */; };
		8F601E2F26EFE91900EDB98A /* FirstSample.storyboard in Resources */ = {isa = PBXBuildFile; fileRef = 8F601E2E26EFE91900EDB98A /* FirstSample.storyboard */; };
		8F601E3126F05F5600EDB98A /* SecondSampleViewController.swift in Sources */ = {isa = PBXBuildFile; fileRef = 8F601E3026F05F5600EDB98A /* SecondSampleViewController.swift */; };
		8F601E3726F05FE400EDB98A /* SecondSample.storyboard in Resources */ = {isa = PBXBuildFile; fileRef = 8F601E3626F05FE400EDB98A /* SecondSample.storyboard */; };
		8F601E3A26F06FA700EDB98A /* ThirdSample.storyboard in Resources */ = {isa = PBXBuildFile; fileRef = 8F601E3926F06FA700EDB98A /* ThirdSample.storyboard */; };
		8F601E3C26F06FB800EDB98A /* ThirdSampleViewController.swift in Sources */ = {isa = PBXBuildFile; fileRef = 8F601E3B26F06FB800EDB98A /* ThirdSampleViewController.swift */; };
		8F601E3F26F086B000EDB98A /* CallbackCounterViewController.swift in Sources */ = {isa = PBXBuildFile; fileRef = 8F601E3E26F086B000EDB98A /* CallbackCounterViewController.swift */; };
		8F601E4126F086C600EDB98A /* CallbackCounterView.xib in Resources */ = {isa = PBXBuildFile; fileRef = 8F601E4026F086C600EDB98A /* CallbackCounterView.xib */; };
		8FF9EAEA26855A770076853C /* AppDelegate.swift in Sources */ = {isa = PBXBuildFile; fileRef = 8FF9EAE926855A770076853C /* AppDelegate.swift */; };
		8FF9EAEE26855A770076853C /* OtherViewController.swift in Sources */ = {isa = PBXBuildFile; fileRef = 8FF9EAED26855A770076853C /* OtherViewController.swift */; };
		8FF9EAF126855A770076853C /* Other.storyboard in Resources */ = {isa = PBXBuildFile; fileRef = 8FF9EAEF26855A770076853C /* Other.storyboard */; };
		8FF9EAF326855A770076853C /* Assets.xcassets in Resources */ = {isa = PBXBuildFile; fileRef = 8FF9EAF226855A770076853C /* Assets.xcassets */; };
		8FF9EAF626855A770076853C /* LaunchScreen.storyboard in Resources */ = {isa = PBXBuildFile; fileRef = 8FF9EAF426855A770076853C /* LaunchScreen.storyboard */; };
		A894068063581F1B4BCA87D1 /* Pods_RxSwift_Practice.framework in Frameworks */ = {isa = PBXBuildFile; fileRef = C13F24959CFA577AD0D40174 /* Pods_RxSwift_Practice.framework */; };
/* End PBXBuildFile section */

/* Begin PBXFileReference section */
		8F601E2626EFE0F100EDB98A /* HomeViewController.swift */ = {isa = PBXFileReference; lastKnownFileType = sourcecode.swift; path = HomeViewController.swift; sourceTree = "<group>"; };
		8F601E2826EFE0FD00EDB98A /* Home.storyboard */ = {isa = PBXFileReference; lastKnownFileType = file.storyboard; path = Home.storyboard; sourceTree = "<group>"; };
		8F601E2A26EFE2D500EDB98A /* Router.swift */ = {isa = PBXFileReference; lastKnownFileType = sourcecode.swift; path = Router.swift; sourceTree = "<group>"; };
		8F601E2C26EFE90300EDB98A /* FirstSampleViewController.swift */ = {isa = PBXFileReference; lastKnownFileType = sourcecode.swift; path = FirstSampleViewController.swift; sourceTree = "<group>"; };
		8F601E2E26EFE91900EDB98A /* FirstSample.storyboard */ = {isa = PBXFileReference; lastKnownFileType = file.storyboard; path = FirstSample.storyboard; sourceTree = "<group>"; };
		8F601E3026F05F5600EDB98A /* SecondSampleViewController.swift */ = {isa = PBXFileReference; lastKnownFileType = sourcecode.swift; path = SecondSampleViewController.swift; sourceTree = "<group>"; };
		8F601E3626F05FE400EDB98A /* SecondSample.storyboard */ = {isa = PBXFileReference; lastKnownFileType = file.storyboard; path = SecondSample.storyboard; sourceTree = "<group>"; };
		8F601E3926F06FA700EDB98A /* ThirdSample.storyboard */ = {isa = PBXFileReference; lastKnownFileType = file.storyboard; path = ThirdSample.storyboard; sourceTree = "<group>"; };
		8F601E3B26F06FB800EDB98A /* ThirdSampleViewController.swift */ = {isa = PBXFileReference; lastKnownFileType = sourcecode.swift; path = ThirdSampleViewController.swift; sourceTree = "<group>"; };
		8F601E3E26F086B000EDB98A /* CallbackCounterViewController.swift */ = {isa = PBXFileReference; lastKnownFileType = sourcecode.swift; path = CallbackCounterViewController.swift; sourceTree = "<group>"; };
		8F601E4026F086C600EDB98A /* CallbackCounterView.xib */ = {isa = PBXFileReference; lastKnownFileType = file.xib; path = CallbackCounterView.xib; sourceTree = "<group>"; };
		8FF9EAE626855A770076853C /* RxSwift-Practice.app */ = {isa = PBXFileReference; explicitFileType = wrapper.application; includeInIndex = 0; path = "RxSwift-Practice.app"; sourceTree = BUILT_PRODUCTS_DIR; };
		8FF9EAE926855A770076853C /* AppDelegate.swift */ = {isa = PBXFileReference; lastKnownFileType = sourcecode.swift; path = AppDelegate.swift; sourceTree = "<group>"; };
		8FF9EAED26855A770076853C /* OtherViewController.swift */ = {isa = PBXFileReference; lastKnownFileType = sourcecode.swift; path = OtherViewController.swift; sourceTree = "<group>"; };
		8FF9EAF026855A770076853C /* Base */ = {isa = PBXFileReference; lastKnownFileType = file.storyboard; name = Base; path = Base.lproj/Other.storyboard; sourceTree = "<group>"; };
		8FF9EAF226855A770076853C /* Assets.xcassets */ = {isa = PBXFileReference; lastKnownFileType = folder.assetcatalog; path = Assets.xcassets; sourceTree = "<group>"; };
		8FF9EAF526855A770076853C /* Base */ = {isa = PBXFileReference; lastKnownFileType = file.storyboard; name = Base; path = Base.lproj/LaunchScreen.storyboard; sourceTree = "<group>"; };
		8FF9EAF726855A770076853C /* Info.plist */ = {isa = PBXFileReference; lastKnownFileType = text.plist.xml; path = Info.plist; sourceTree = "<group>"; };
		C13F24959CFA577AD0D40174 /* Pods_RxSwift_Practice.framework */ = {isa = PBXFileReference; explicitFileType = wrapper.framework; includeInIndex = 0; path = Pods_RxSwift_Practice.framework; sourceTree = BUILT_PRODUCTS_DIR; };
		D20A4E4D1F9D4940631C6CF6 /* Pods-RxSwift-Practice.debug.xcconfig */ = {isa = PBXFileReference; includeInIndex = 1; lastKnownFileType = text.xcconfig; name = "Pods-RxSwift-Practice.debug.xcconfig"; path = "Target Support Files/Pods-RxSwift-Practice/Pods-RxSwift-Practice.debug.xcconfig"; sourceTree = "<group>"; };
		E74F34CBE76DBE6BC09DA639 /* Pods-RxSwift-Practice.release.xcconfig */ = {isa = PBXFileReference; includeInIndex = 1; lastKnownFileType = text.xcconfig; name = "Pods-RxSwift-Practice.release.xcconfig"; path = "Target Support Files/Pods-RxSwift-Practice/Pods-RxSwift-Practice.release.xcconfig"; sourceTree = "<group>"; };
/* End PBXFileReference section */

/* Begin PBXFrameworksBuildPhase section */
		8FF9EAE326855A770076853C /* Frameworks */ = {
			isa = PBXFrameworksBuildPhase;
			buildActionMask = 2147483647;
			files = (
				A894068063581F1B4BCA87D1 /* Pods_RxSwift_Practice.framework in Frameworks */,
			);
			runOnlyForDeploymentPostprocessing = 0;
		};
/* End PBXFrameworksBuildPhase section */

/* Begin PBXGroup section */
		020D5BEF94C17A0A056AF95B /* Pods */ = {
			isa = PBXGroup;
			children = (
				D20A4E4D1F9D4940631C6CF6 /* Pods-RxSwift-Practice.debug.xcconfig */,
				E74F34CBE76DBE6BC09DA639 /* Pods-RxSwift-Practice.release.xcconfig */,
			);
			path = Pods;
			sourceTree = "<group>";
		};
		3567C20A89648EF3D1BF27CA /* Frameworks */ = {
			isa = PBXGroup;
			children = (
				C13F24959CFA577AD0D40174 /* Pods_RxSwift_Practice.framework */,
			);
			name = Frameworks;
			sourceTree = "<group>";
		};
		8F601E3226F05F7000EDB98A /* Samples */ = {
			isa = PBXGroup;
			children = (
				8F601E3326F05F7F00EDB98A /* First */,
				8F601E3426F05F9000EDB98A /* Second */,
				8F601E3826F06F9300EDB98A /* Third */,
				8F601E3D26F0867300EDB98A /* SampleCounter */,
				8F601E3526F05F9E00EDB98A /* Other */,
			);
			path = Samples;
			sourceTree = "<group>";
		};
		8F601E3326F05F7F00EDB98A /* First */ = {
			isa = PBXGroup;
			children = (
				8F601E2C26EFE90300EDB98A /* FirstSampleViewController.swift */,
				8F601E2E26EFE91900EDB98A /* FirstSample.storyboard */,
			);
			path = First;
			sourceTree = "<group>";
		};
		8F601E3426F05F9000EDB98A /* Second */ = {
			isa = PBXGroup;
			children = (
				8F601E3026F05F5600EDB98A /* SecondSampleViewController.swift */,
				8F601E3626F05FE400EDB98A /* SecondSample.storyboard */,
			);
			path = Second;
			sourceTree = "<group>";
		};
		8F601E3526F05F9E00EDB98A /* Other */ = {
			isa = PBXGroup;
			children = (
				8FF9EAED26855A770076853C /* OtherViewController.swift */,
				8FF9EAEF26855A770076853C /* Other.storyboard */,
			);
			path = Other;
			sourceTree = "<group>";
		};
		8F601E3826F06F9300EDB98A /* Third */ = {
			isa = PBXGroup;
			children = (
				8F601E3B26F06FB800EDB98A /* ThirdSampleViewController.swift */,
				8F601E3926F06FA700EDB98A /* ThirdSample.storyboard */,
			);
			path = Third;
			sourceTree = "<group>";
		};
		8F601E3D26F0867300EDB98A /* SampleCounter */ = {
			isa = PBXGroup;
			children = (
				8F601E4426F08E5D00EDB98A /* Case- RxSwift */,
				8F601E4326F08E3800EDB98A /* Case- Delegate */,
				8F601E4226F08E0F00EDB98A /* Case-Callback */,
			);
			path = SampleCounter;
			sourceTree = "<group>";
		};
		8F601E4226F08E0F00EDB98A /* Case-Callback */ = {
			isa = PBXGroup;
			children = (
				8F601E3E26F086B000EDB98A /* CallbackCounterViewController.swift */,
				8F601E4026F086C600EDB98A /* CallbackCounterView.xib */,
			);
			path = "Case-Callback";
			sourceTree = "<group>";
		};
		8F601E4326F08E3800EDB98A /* Case- Delegate */ = {
			isa = PBXGroup;
			children = (
			);
			path = "Case- Delegate";
			sourceTree = "<group>";
		};
		8F601E4426F08E5D00EDB98A /* Case- RxSwift */ = {
			isa = PBXGroup;
			children = (
			);
			path = "Case- RxSwift";
			sourceTree = "<group>";
		};
		8FF9EADD26855A770076853C = {
			isa = PBXGroup;
			children = (
				8FF9EAE826855A770076853C /* RxSwift-Practice */,
				8FF9EAE726855A770076853C /* Products */,
				020D5BEF94C17A0A056AF95B /* Pods */,
				3567C20A89648EF3D1BF27CA /* Frameworks */,
			);
			sourceTree = "<group>";
		};
		8FF9EAE726855A770076853C /* Products */ = {
			isa = PBXGroup;
			children = (
				8FF9EAE626855A770076853C /* RxSwift-Practice.app */,
			);
			name = Products;
			sourceTree = "<group>";
		};
		8FF9EAE826855A770076853C /* RxSwift-Practice */ = {
			isa = PBXGroup;
			children = (
				8FF9EAE926855A770076853C /* AppDelegate.swift */,
				8F601E2A26EFE2D500EDB98A /* Router.swift */,
				8F601E2626EFE0F100EDB98A /* HomeViewController.swift */,
				8F601E2826EFE0FD00EDB98A /* Home.storyboard */,
				8F601E3226F05F7000EDB98A /* Samples */,
				8FF9EAF226855A770076853C /* Assets.xcassets */,
				8FF9EAF426855A770076853C /* LaunchScreen.storyboard */,
				8FF9EAF726855A770076853C /* Info.plist */,
			);
			path = "RxSwift-Practice";
			sourceTree = "<group>";
		};
/* End PBXGroup section */

/* Begin PBXNativeTarget section */
		8FF9EAE526855A770076853C /* RxSwift-Practice */ = {
			isa = PBXNativeTarget;
			buildConfigurationList = 8FF9EAFA26855A770076853C /* Build configuration list for PBXNativeTarget "RxSwift-Practice" */;
			buildPhases = (
				ABC61DF22D49CEF7C38FE402 /* [CP] Check Pods Manifest.lock */,
				8FF9EAE226855A770076853C /* Sources */,
				8FF9EAE326855A770076853C /* Frameworks */,
				8FF9EAE426855A770076853C /* Resources */,
				BDFE422BDD4B1E340357E878 /* [CP] Embed Pods Frameworks */,
			);
			buildRules = (
			);
			dependencies = (
			);
			name = "RxSwift-Practice";
			productName = "RxSwift-Practice";
			productReference = 8FF9EAE626855A770076853C /* RxSwift-Practice.app */;
			productType = "com.apple.product-type.application";
		};
/* End PBXNativeTarget section */

/* Begin PBXProject section */
		8FF9EADE26855A770076853C /* Project object */ = {
			isa = PBXProject;
			attributes = {
				LastSwiftUpdateCheck = 1250;
				LastUpgradeCheck = 1250;
				TargetAttributes = {
					8FF9EAE526855A770076853C = {
						CreatedOnToolsVersion = 12.5.1;
					};
				};
			};
			buildConfigurationList = 8FF9EAE126855A770076853C /* Build configuration list for PBXProject "RxSwift-Practice" */;
			compatibilityVersion = "Xcode 9.3";
			developmentRegion = en;
			hasScannedForEncodings = 0;
			knownRegions = (
				en,
				Base,
			);
			mainGroup = 8FF9EADD26855A770076853C;
			productRefGroup = 8FF9EAE726855A770076853C /* Products */;
			projectDirPath = "";
			projectRoot = "";
			targets = (
				8FF9EAE526855A770076853C /* RxSwift-Practice */,
			);
		};
/* End PBXProject section */

/* Begin PBXResourcesBuildPhase section */
		8FF9EAE426855A770076853C /* Resources */ = {
			isa = PBXResourcesBuildPhase;
			buildActionMask = 2147483647;
			files = (
				8F601E3726F05FE400EDB98A /* SecondSample.storyboard in Resources */,
				8FF9EAF626855A770076853C /* LaunchScreen.storyboard in Resources */,
				8FF9EAF326855A770076853C /* Assets.xcassets in Resources */,
				8F601E4126F086C600EDB98A /* CallbackCounterView.xib in Resources */,
				8FF9EAF126855A770076853C /* Other.storyboard in Resources */,
				8F601E3A26F06FA700EDB98A /* ThirdSample.storyboard in Resources */,
				8F601E2926EFE0FD00EDB98A /* Home.storyboard in Resources */,
				8F601E2F26EFE91900EDB98A /* FirstSample.storyboard in Resources */,
			);
			runOnlyForDeploymentPostprocessing = 0;
		};
/* End PBXResourcesBuildPhase section */

/* Begin PBXShellScriptBuildPhase section */
		ABC61DF22D49CEF7C38FE402 /* [CP] Check Pods Manifest.lock */ = {
			isa = PBXShellScriptBuildPhase;
			buildActionMask = 2147483647;
			files = (
			);
			inputFileListPaths = (
			);
			inputPaths = (
				"${PODS_PODFILE_DIR_PATH}/Podfile.lock",
				"${PODS_ROOT}/Manifest.lock",
			);
			name = "[CP] Check Pods Manifest.lock";
			outputFileListPaths = (
			);
			outputPaths = (
				"$(DERIVED_FILE_DIR)/Pods-RxSwift-Practice-checkManifestLockResult.txt",
			);
			runOnlyForDeploymentPostprocessing = 0;
			shellPath = /bin/sh;
			shellScript = "diff \"${PODS_PODFILE_DIR_PATH}/Podfile.lock\" \"${PODS_ROOT}/Manifest.lock\" > /dev/null\nif [ $? != 0 ] ; then\n    # print error to STDERR\n    echo \"error: The sandbox is not in sync with the Podfile.lock. Run 'pod install' or update your CocoaPods installation.\" >&2\n    exit 1\nfi\n# This output is used by Xcode 'outputs' to avoid re-running this script phase.\necho \"SUCCESS\" > \"${SCRIPT_OUTPUT_FILE_0}\"\n";
			showEnvVarsInLog = 0;
		};
		BDFE422BDD4B1E340357E878 /* [CP] Embed Pods Frameworks */ = {
			isa = PBXShellScriptBuildPhase;
			buildActionMask = 2147483647;
			files = (
			);
			inputFileListPaths = (
				"${PODS_ROOT}/Target Support Files/Pods-RxSwift-Practice/Pods-RxSwift-Practice-frameworks-${CONFIGURATION}-input-files.xcfilelist",
			);
			name = "[CP] Embed Pods Frameworks";
			outputFileListPaths = (
				"${PODS_ROOT}/Target Support Files/Pods-RxSwift-Practice/Pods-RxSwift-Practice-frameworks-${CONFIGURATION}-output-files.xcfilelist",
			);
			runOnlyForDeploymentPostprocessing = 0;
			shellPath = /bin/sh;
			shellScript = "\"${PODS_ROOT}/Target Support Files/Pods-RxSwift-Practice/Pods-RxSwift-Practice-frameworks.sh\"\n";
			showEnvVarsInLog = 0;
		};
/* End PBXShellScriptBuildPhase section */

/* Begin PBXSourcesBuildPhase section */
		8FF9EAE226855A770076853C /* Sources */ = {
			isa = PBXSourcesBuildPhase;
			buildActionMask = 2147483647;
			files = (
				8F601E2B26EFE2D500EDB98A /* Router.swift in Sources */,
				8F601E2D26EFE90300EDB98A /* FirstSampleViewController.swift in Sources */,
				8F601E3126F05F5600EDB98A /* SecondSampleViewController.swift in Sources */,
				8F601E3C26F06FB800EDB98A /* ThirdSampleViewController.swift in Sources */,
				8FF9EAEE26855A770076853C /* OtherViewController.swift in Sources */,
				8FF9EAEA26855A770076853C /* AppDelegate.swift in Sources */,
				8F601E2726EFE0F100EDB98A /* HomeViewController.swift in Sources */,
				8F601E3F26F086B000EDB98A /* CallbackCounterViewController.swift in Sources */,
			);
			runOnlyForDeploymentPostprocessing = 0;
		};
/* End PBXSourcesBuildPhase section */

/* Begin PBXVariantGroup section */
		8FF9EAEF26855A770076853C /* Other.storyboard */ = {
			isa = PBXVariantGroup;
			children = (
				8FF9EAF026855A770076853C /* Base */,
			);
			name = Other.storyboard;
			sourceTree = "<group>";
		};
		8FF9EAF426855A770076853C /* LaunchScreen.storyboard */ = {
			isa = PBXVariantGroup;
			children = (
				8FF9EAF526855A770076853C /* Base */,
			);
			name = LaunchScreen.storyboard;
			sourceTree = "<group>";
		};
/* End PBXVariantGroup section */

/* Begin XCBuildConfiguration section */
		8FF9EAF826855A770076853C /* Debug */ = {
			isa = XCBuildConfiguration;
			buildSettings = {
				ALWAYS_SEARCH_USER_PATHS = NO;
				CLANG_ANALYZER_NONNULL = YES;
				CLANG_ANALYZER_NUMBER_OBJECT_CONVERSION = YES_AGGRESSIVE;
				CLANG_CXX_LANGUAGE_STANDARD = "gnu++14";
				CLANG_CXX_LIBRARY = "libc++";
				CLANG_ENABLE_MODULES = YES;
				CLANG_ENABLE_OBJC_ARC = YES;
				CLANG_ENABLE_OBJC_WEAK = YES;
				CLANG_WARN_BLOCK_CAPTURE_AUTORELEASING = YES;
				CLANG_WARN_BOOL_CONVERSION = YES;
				CLANG_WARN_COMMA = YES;
				CLANG_WARN_CONSTANT_CONVERSION = YES;
				CLANG_WARN_DEPRECATED_OBJC_IMPLEMENTATIONS = YES;
				CLANG_WARN_DIRECT_OBJC_ISA_USAGE = YES_ERROR;
				CLANG_WARN_DOCUMENTATION_COMMENTS = YES;
				CLANG_WARN_EMPTY_BODY = YES;
				CLANG_WARN_ENUM_CONVERSION = YES;
				CLANG_WARN_INFINITE_RECURSION = YES;
				CLANG_WARN_INT_CONVERSION = YES;
				CLANG_WARN_NON_LITERAL_NULL_CONVERSION = YES;
				CLANG_WARN_OBJC_IMPLICIT_RETAIN_SELF = YES;
				CLANG_WARN_OBJC_LITERAL_CONVERSION = YES;
				CLANG_WARN_OBJC_ROOT_CLASS = YES_ERROR;
				CLANG_WARN_QUOTED_INCLUDE_IN_FRAMEWORK_HEADER = YES;
				CLANG_WARN_RANGE_LOOP_ANALYSIS = YES;
				CLANG_WARN_STRICT_PROTOTYPES = YES;
				CLANG_WARN_SUSPICIOUS_MOVE = YES;
				CLANG_WARN_UNGUARDED_AVAILABILITY = YES_AGGRESSIVE;
				CLANG_WARN_UNREACHABLE_CODE = YES;
				CLANG_WARN__DUPLICATE_METHOD_MATCH = YES;
				COPY_PHASE_STRIP = NO;
				DEBUG_INFORMATION_FORMAT = dwarf;
				ENABLE_STRICT_OBJC_MSGSEND = YES;
				ENABLE_TESTABILITY = YES;
				GCC_C_LANGUAGE_STANDARD = gnu11;
				GCC_DYNAMIC_NO_PIC = NO;
				GCC_NO_COMMON_BLOCKS = YES;
				GCC_OPTIMIZATION_LEVEL = 0;
				GCC_PREPROCESSOR_DEFINITIONS = (
					"DEBUG=1",
					"$(inherited)",
				);
				GCC_WARN_64_TO_32_BIT_CONVERSION = YES;
				GCC_WARN_ABOUT_RETURN_TYPE = YES_ERROR;
				GCC_WARN_UNDECLARED_SELECTOR = YES;
				GCC_WARN_UNINITIALIZED_AUTOS = YES_AGGRESSIVE;
				GCC_WARN_UNUSED_FUNCTION = YES;
				GCC_WARN_UNUSED_VARIABLE = YES;
				IPHONEOS_DEPLOYMENT_TARGET = 13.0;
				MTL_ENABLE_DEBUG_INFO = INCLUDE_SOURCE;
				MTL_FAST_MATH = YES;
				ONLY_ACTIVE_ARCH = YES;
				SDKROOT = iphoneos;
				SWIFT_ACTIVE_COMPILATION_CONDITIONS = DEBUG;
				SWIFT_OPTIMIZATION_LEVEL = "-Onone";
			};
			name = Debug;
		};
		8FF9EAF926855A770076853C /* Release */ = {
			isa = XCBuildConfiguration;
			buildSettings = {
				ALWAYS_SEARCH_USER_PATHS = NO;
				CLANG_ANALYZER_NONNULL = YES;
				CLANG_ANALYZER_NUMBER_OBJECT_CONVERSION = YES_AGGRESSIVE;
				CLANG_CXX_LANGUAGE_STANDARD = "gnu++14";
				CLANG_CXX_LIBRARY = "libc++";
				CLANG_ENABLE_MODULES = YES;
				CLANG_ENABLE_OBJC_ARC = YES;
				CLANG_ENABLE_OBJC_WEAK = YES;
				CLANG_WARN_BLOCK_CAPTURE_AUTORELEASING = YES;
				CLANG_WARN_BOOL_CONVERSION = YES;
				CLANG_WARN_COMMA = YES;
				CLANG_WARN_CONSTANT_CONVERSION = YES;
				CLANG_WARN_DEPRECATED_OBJC_IMPLEMENTATIONS = YES;
				CLANG_WARN_DIRECT_OBJC_ISA_USAGE = YES_ERROR;
				CLANG_WARN_DOCUMENTATION_COMMENTS = YES;
				CLANG_WARN_EMPTY_BODY = YES;
				CLANG_WARN_ENUM_CONVERSION = YES;
				CLANG_WARN_INFINITE_RECURSION = YES;
				CLANG_WARN_INT_CONVERSION = YES;
				CLANG_WARN_NON_LITERAL_NULL_CONVERSION = YES;
				CLANG_WARN_OBJC_IMPLICIT_RETAIN_SELF = YES;
				CLANG_WARN_OBJC_LITERAL_CONVERSION = YES;
				CLANG_WARN_OBJC_ROOT_CLASS = YES_ERROR;
				CLANG_WARN_QUOTED_INCLUDE_IN_FRAMEWORK_HEADER = YES;
				CLANG_WARN_RANGE_LOOP_ANALYSIS = YES;
				CLANG_WARN_STRICT_PROTOTYPES = YES;
				CLANG_WARN_SUSPICIOUS_MOVE = YES;
				CLANG_WARN_UNGUARDED_AVAILABILITY = YES_AGGRESSIVE;
				CLANG_WARN_UNREACHABLE_CODE = YES;
				CLANG_WARN__DUPLICATE_METHOD_MATCH = YES;
				COPY_PHASE_STRIP = NO;
				DEBUG_INFORMATION_FORMAT = "dwarf-with-dsym";
				ENABLE_NS_ASSERTIONS = NO;
				ENABLE_STRICT_OBJC_MSGSEND = YES;
				GCC_C_LANGUAGE_STANDARD = gnu11;
				GCC_NO_COMMON_BLOCKS = YES;
				GCC_WARN_64_TO_32_BIT_CONVERSION = YES;
				GCC_WARN_ABOUT_RETURN_TYPE = YES_ERROR;
				GCC_WARN_UNDECLARED_SELECTOR = YES;
				GCC_WARN_UNINITIALIZED_AUTOS = YES_AGGRESSIVE;
				GCC_WARN_UNUSED_FUNCTION = YES;
				GCC_WARN_UNUSED_VARIABLE = YES;
				IPHONEOS_DEPLOYMENT_TARGET = 13.0;
				MTL_ENABLE_DEBUG_INFO = NO;
				MTL_FAST_MATH = YES;
				SDKROOT = iphoneos;
				SWIFT_COMPILATION_MODE = wholemodule;
				SWIFT_OPTIMIZATION_LEVEL = "-O";
				VALIDATE_PRODUCT = YES;
			};
			name = Release;
		};
		8FF9EAFB26855A770076853C /* Debug */ = {
			isa = XCBuildConfiguration;
			baseConfigurationReference = D20A4E4D1F9D4940631C6CF6 /* Pods-RxSwift-Practice.debug.xcconfig */;
			buildSettings = {
				ASSETCATALOG_COMPILER_APPICON_NAME = AppIcon;
				ASSETCATALOG_COMPILER_GLOBAL_ACCENT_COLOR_NAME = AccentColor;
				CODE_SIGN_STYLE = Automatic;
				DEVELOPMENT_TEAM = SSGBNU5TXB;
				INFOPLIST_FILE = "RxSwift-Practice/Info.plist";
				LD_RUNPATH_SEARCH_PATHS = (
					"$(inherited)",
					"@executable_path/Frameworks",
				);
				PRODUCT_BUNDLE_IDENTIFIER = "kudpig.RxSwift-Practice";
				PRODUCT_NAME = "$(TARGET_NAME)";
				SWIFT_VERSION = 5.0;
				TARGETED_DEVICE_FAMILY = "1,2";
			};
			name = Debug;
		};
		8FF9EAFC26855A770076853C /* Release */ = {
			isa = XCBuildConfiguration;
			baseConfigurationReference = E74F34CBE76DBE6BC09DA639 /* Pods-RxSwift-Practice.release.xcconfig */;
			buildSettings = {
				ASSETCATALOG_COMPILER_APPICON_NAME = AppIcon;
				ASSETCATALOG_COMPILER_GLOBAL_ACCENT_COLOR_NAME = AccentColor;
				CODE_SIGN_STYLE = Automatic;
				DEVELOPMENT_TEAM = SSGBNU5TXB;
				INFOPLIST_FILE = "RxSwift-Practice/Info.plist";
				LD_RUNPATH_SEARCH_PATHS = (
					"$(inherited)",
					"@executable_path/Frameworks",
				);
				PRODUCT_BUNDLE_IDENTIFIER = "kudpig.RxSwift-Practice";
				PRODUCT_NAME = "$(TARGET_NAME)";
				SWIFT_VERSION = 5.0;
				TARGETED_DEVICE_FAMILY = "1,2";
			};
			name = Release;
		};
/* End XCBuildConfiguration section */

/* Begin XCConfigurationList section */
		8FF9EAE126855A770076853C /* Build configuration list for PBXProject "RxSwift-Practice" */ = {
			isa = XCConfigurationList;
			buildConfigurations = (
				8FF9EAF826855A770076853C /* Debug */,
				8FF9EAF926855A770076853C /* Release */,
			);
			defaultConfigurationIsVisible = 0;
			defaultConfigurationName = Release;
		};
		8FF9EAFA26855A770076853C /* Build configuration list for PBXNativeTarget "RxSwift-Practice" */ = {
			isa = XCConfigurationList;
			buildConfigurations = (
				8FF9EAFB26855A770076853C /* Debug */,
				8FF9EAFC26855A770076853C /* Release */,
			);
			defaultConfigurationIsVisible = 0;
			defaultConfigurationName = Release;
		};
/* End XCConfigurationList section */
	};
	rootObject = 8FF9EADE26855A770076853C /* Project object */;
}
